
Microsoft Visual Studio Solution File, Format Version 12.00
# Visual Studio Version 17
VisualStudioVersion = 17.13.35617.110
MinimumVisualStudioVersion = 10.0.40219.1
Project("{2150E333-8FDC-42A3-9474-1A3956D46DE8}") = "src", "src", "{02EA681E-C7D8-13C7-8484-4AC65E1B71E8}"
EndProject
Project("{2150E333-8FDC-42A3-9474-1A3956D46DE8}") = "aspire", "aspire", "{6CC98F77-CEF6-4573-9AC9-234A17F5242C}"
EndProject
Project("{2150E333-8FDC-42A3-9474-1A3956D46DE8}") = "services", "services", "{AAB0B109-1F43-41FE-BEA9-F4B43FC10709}"
EndProject
Project("{2150E333-8FDC-42A3-9474-1A3956D46DE8}") = "web-ui", "web-ui", "{576B110E-17E4-4F16-BA9E-D3856CD7FEC8}"
EndProject
Project("{FAE04EC0-301F-11D3-BF4B-00C04F79EFBC}") = "AppHost", "src\aspire\AppHost\AppHost.csproj", "{67B45BEF-D249-4DA6-A335-66735950B6D7}"
EndProject
Project("{FAE04EC0-301F-11D3-BF4B-00C04F79EFBC}") = "ServiceDefaults", "src\aspire\ServiceDefaults\ServiceDefaults.csproj", "{D4CDBA3D-0ADF-44CE-8531-CE1BF9CAC11B}"
EndProject
Project("{FAE04EC0-301F-11D3-BF4B-00C04F79EFBC}") = "Catalog", "src\services\Catalog\Catalog.csproj", "{A6A8048D-96DE-3F64-3A90-ACC279AAC666}"
EndProject
Global
	GlobalSection(SolutionConfigurationPlatforms) = preSolution
		Debug|Any CPU = Debug|Any CPU
		Release|Any CPU = Release|Any CPU
	EndGlobalSection
	GlobalSection(ProjectConfigurationPlatforms) = postSolution
		{67B45BEF-D249-4DA6-A335-66735950B6D7}.Debug|Any CPU.ActiveCfg = Debug|Any CPU
		{67B45BEF-D249-4DA6-A335-66735950B6D7}.Debug|Any CPU.Build.0 = Debug|Any CPU
		{67B45BEF-D249-4DA6-A335-66735950B6D7}.Release|Any CPU.ActiveCfg = Release|Any CPU
		{67B45BEF-D249-4DA6-A335-66735950B6D7}.Release|Any CPU.Build.0 = Release|Any CPU
		{D4CDBA3D-0ADF-44CE-8531-CE1BF9CAC11B}.Debug|Any CPU.ActiveCfg = Debug|Any CPU
		{D4CDBA3D-0ADF-44CE-8531-CE1BF9CAC11B}.Debug|Any CPU.Build.0 = Debug|Any CPU
		{D4CDBA3D-0ADF-44CE-8531-CE1BF9CAC11B}.Release|Any CPU.ActiveCfg = Release|Any CPU
		{D4CDBA3D-0ADF-44CE-8531-CE1BF9CAC11B}.Release|Any CPU.Build.0 = Release|Any CPU
		{A6A8048D-96DE-3F64-3A90-ACC279AAC666}.Debug|Any CPU.ActiveCfg = Debug|Any CPU
		{A6A8048D-96DE-3F64-3A90-ACC279AAC666}.Debug|Any CPU.Build.0 = Debug|Any CPU
		{A6A8048D-96DE-3F64-3A90-ACC279AAC666}.Release|Any CPU.ActiveCfg = Release|Any CPU
		{A6A8048D-96DE-3F64-3A90-ACC279AAC666}.Release|Any CPU.Build.0 = Release|Any CPU
	EndGlobalSection
	GlobalSection(SolutionProperties) = preSolution
		HideSolutionNode = FALSE
	EndGlobalSection
	GlobalSection(NestedProjects) = preSolution
		{6CC98F77-CEF6-4573-9AC9-234A17F5242C} = {02EA681E-C7D8-13C7-8484-4AC65E1B71E8}
		{AAB0B109-1F43-41FE-BEA9-F4B43FC10709} = {02EA681E-C7D8-13C7-8484-4AC65E1B71E8}
		{67B45BEF-D249-4DA6-A335-66735950B6D7} = {6CC98F77-CEF6-4573-9AC9-234A17F5242C}
		{D4CDBA3D-0ADF-44CE-8531-CE1BF9CAC11B} = {6CC98F77-CEF6-4573-9AC9-234A17F5242C}
		{A6A8048D-96DE-3F64-3A90-ACC279AAC666} = {AAB0B109-1F43-41FE-BEA9-F4B43FC10709}
	EndGlobalSection
	GlobalSection(ExtensibilityGlobals) = postSolution
		SolutionGuid = {47E103A7-472B-443B-9A83-B0817EDE5F1A}
	EndGlobalSection
EndGlobal
